{
  "name": "python-八字",
  "lockfileVersion": 3,
  "requires": true,
  "packages": {
    "": {
      "dependencies": {
        "lunisolar": "^2.2.2"
      }
    },
    "node_modules/lunisolar": {
      "version": "2.2.2",
      "resolved": "https://registry.npmmirror.com/lunisolar/-/lunisolar-2.2.2.tgz",
      "integrity": "sha512-R3JBd4HZI2sU3VV/S5T6t/UdvCKKbLEScMVMc4FzeETomVIOpzfic18vcqA3GDkKMynBUoYtKy1DMefImkKV3A=="
    }
  }
}
